// !$*UTF8*$!
{
	archiveVersion = 1;
	classes = {
	};
	objectVersion = 52;
	objects = {

/* Begin PBXBuildFile section */
		8A35980025D7823600D1CD8C /* AppDelegate.swift in Sources */ = {isa = PBXBuildFile; fileRef = 8A3597FF25D7823600D1CD8C /* AppDelegate.swift */; };
		8A35980225D7823600D1CD8C /* SceneDelegate.swift in Sources */ = {isa = PBXBuildFile; fileRef = 8A35980125D7823600D1CD8C /* SceneDelegate.swift */; };
		8A35980425D7823600D1CD8C /* ViewController.swift in Sources */ = {isa = PBXBuildFile; fileRef = 8A35980325D7823600D1CD8C /* ViewController.swift */; };
		8A35980725D7823600D1CD8C /* Main.storyboard in Resources */ = {isa = PBXBuildFile; fileRef = 8A35980525D7823600D1CD8C /* Main.storyboard */; };
		8A35980925D7823800D1CD8C /* Assets.xcassets in Resources */ = {isa = PBXBuildFile; fileRef = 8A35980825D7823800D1CD8C /* Assets.xcassets */; };
		8A35980C25D7823800D1CD8C /* LaunchScreen.storyboard in Resources */ = {isa = PBXBuildFile; fileRef = 8A35980A25D7823800D1CD8C /* LaunchScreen.storyboard */; };
		8A35981525D7827400D1CD8C /* background.jpeg in Resources */ = {isa = PBXBuildFile; fileRef = 8A35981425D7827400D1CD8C /* background.jpeg */; };
		8A35981925D7831800D1CD8C /* PKHUD in Frameworks */ = {isa = PBXBuildFile; productRef = 8A35981825D7831800D1CD8C /* PKHUD */; };
/* End PBXBuildFile section */

/* Begin PBXFileReference section */
		8A3597FC25D7823600D1CD8C /* PMApp.app */ = {isa = PBXFileReference; explicitFileType = wrapper.application; includeInIndex = 0; path = PMApp.app; sourceTree = BUILT_PRODUCTS_DIR; };
		8A3597FF25D7823600D1CD8C /* AppDelegate.swift */ = {isa = PBXFileReference; lastKnownFileType = sourcecode.swift; path = AppDelegate.swift; sourceTree = "<group>"; };
		8A35980125D7823600D1CD8C /* SceneDelegate.swift */ = {isa = PBXFileReference; lastKnownFileType = sourcecode.swift; path = SceneDelegate.swift; sourceTree = "<group>"; };
		8A35980325D7823600D1CD8C /* ViewController.swift */ = {isa = PBXFileReference; lastKnownFileType = sourcecode.swift; path = ViewController.swift; sourceTree = "<group>"; };
		8A35980625D7823600D1CD8C /* Base */ = {isa = PBXFileReference; lastKnownFileType = file.storyboard; name = Base; path = Base.lproj/Main.storyboard; sourceTree = "<group>"; };
		8A35980825D7823800D1CD8C /* Assets.xcassets */ = {isa = PBXFileReference; lastKnownFileType = folder.assetcatalog; path = Assets.xcassets; sourceTree = "<group>"; };
		8A35980B25D7823800D1CD8C /* Base */ = {isa = PBXFileReference; lastKnownFileType = file.storyboard; name = Base; path = Base.lproj/LaunchScreen.storyboard; sourceTree = "<group>"; };
		8A35980D25D7823800D1CD8C /* Info.plist */ = {isa = PBXFileReference; lastKnownFileType = text.plist.xml; path = Info.plist; sourceTree = "<group>"; };
		8A35981425D7827400D1CD8C /* background.jpeg */ = {isa = PBXFileReference; lastKnownFileType = image.jpeg; path = background.jpeg; sourceTree = "<group>"; };
/* End PBXFileReference section */

/* Begin PBXFrameworksBuildPhase section */
		8A3597F925D7823600D1CD8C /* Frameworks */ = {
			isa = PBXFrameworksBuildPhase;
			buildActionMask = 2147483647;
			files = (
				8A35981925D7831800D1CD8C /* PKHUD in Frameworks */,
			);
			runOnlyForDeploymentPostprocessing = 0;
		};
/* End PBXFrameworksBuildPhase section */

/* Begin PBXGroup section */
		8A3597F325D7823600D1CD8C = {
			isa = PBXGroup;
			children = (
				8A3597FE25D7823600D1CD8C /* PMApp */,
				8A3597FD25D7823600D1CD8C /* Products */,
			);
			sourceTree = "<group>";
		};
		8A3597FD25D7823600D1CD8C /* Products */ = {
			isa = PBXGroup;
			children = (
				8A3597FC25D7823600D1CD8C /* PMApp.app */,
			);
			name = Products;
			sourceTree = "<group>";
		};
		8A3597FE25D7823600D1CD8C /* PMApp */ = {
			isa = PBXGroup;
			children = (
				8A35981425D7827400D1CD8C /* background.jpeg */,
				8A3597FF25D7823600D1CD8C /* AppDelegate.swift */,
				8A35980125D7823600D1CD8C /* SceneDelegate.swift */,
				8A35980325D7823600D1CD8C /* ViewController.swift */,
				8A35980525D7823600D1CD8C /* Main.storyboard */,
				8A35980825D7823800D1CD8C /* Assets.xcassets */,
				8A35980A25D7823800D1CD8C /* LaunchScreen.storyboard */,
				8A35980D25D7823800D1CD8C /* Info.plist */,
			);
			path = PMApp;
			sourceTree = "<group>";
		};
/* End PBXGroup section */

/* Begin PBXNativeTarget section */
		8A3597FB25D7823600D1CD8C /* PMApp */ = {
			isa = PBXNativeTarget;
			buildConfigurationList = 8A35981025D7823800D1CD8C /* Build configuration list for PBXNativeTarget "PMApp" */;
			buildPhases = (
				8A3597F825D7823600D1CD8C /* Sources */,
				8A3597F925D7823600D1CD8C /* Frameworks */,
				8A3597FA25D7823600D1CD8C /* Resources */,
			);
			buildRules = (
			);
			dependencies = (
			);
			name = PMApp;
			packageProductDependencies = (
				8A35981825D7831800D1CD8C /* PKHUD */,
			);
			productName = PMApp;
			productReference = 8A3597FC25D7823600D1CD8C /* PMApp.app */;
			productType = "com.apple.product-type.application";
		};
/* End PBXNativeTarget section */

/* Begin PBXProject section */
		8A3597F425D7823600D1CD8C /* Project object */ = {
			isa = PBXProject;
			attributes = {
				LastSwiftUpdateCheck = 1240;
				LastUpgradeCheck = 1240;
				TargetAttributes = {
					8A3597FB25D7823600D1CD8C = {
						CreatedOnToolsVersion = 12.4;
					};
				};
			};
			buildConfigurationList = 8A3597F725D7823600D1CD8C /* Build configuration list for PBXProject "PMApp" */;
			compatibilityVersion = "Xcode 9.3";
			developmentRegion = en;
			hasScannedForEncodings = 0;
			knownRegions = (
				en,
				Base,
			);
			mainGroup = 8A3597F325D7823600D1CD8C;
			packageReferences = (
				8A35981725D7831800D1CD8C /* XCRemoteSwiftPackageReference "PKHUD" */,
			);
			productRefGroup = 8A3597FD25D7823600D1CD8C /* Products */;
			projectDirPath = "";
			projectRoot = "";
			targets = (
				8A3597FB25D7823600D1CD8C /* PMApp */,
			);
		};
/* End PBXProject section */

/* Begin PBXResourcesBuildPhase section */
		8A3597FA25D7823600D1CD8C /* Resources */ = {
			isa = PBXResourcesBuildPhase;
			buildActionMask = 2147483647;
			files = (
				8A35980C25D7823800D1CD8C /* LaunchScreen.storyboard in Resources */,
				8A35980925D7823800D1CD8C /* Assets.xcassets in Resources */,
				8A35980725D7823600D1CD8C /* Main.storyboard in Resources */,
				8A35981525D7827400D1CD8C /* background.jpeg in Resources */,
			);
			runOnlyForDeploymentPostprocessing = 0;
		};
/* End PBXResourcesBuildPhase section */

/* Begin PBXSourcesBuildPhase section */
		8A3597F825D7823600D1CD8C /* Sources */ = {
			isa = PBXSourcesBuildPhase;
			buildActionMask = 2147483647;
			files = (
				8A35980425D7823600D1CD8C /* ViewController.swift in Sources */,
				8A35980025D7823600D1CD8C /* AppDelegate.swift in Sources */,
				8A35980225D7823600D1CD8C /* SceneDelegate.swift in Sources */,
			);
			runOnlyForDeploymentPostprocessing = 0;
		};
/* End PBXSourcesBuildPhase section */

/* Begin PBXVariantGroup section */
		8A35980525D7823600D1CD8C /* Main.storyboard */ = {
			isa = PBXVariantGroup;
			children = (
				8A35980625D7823600D1CD8C /* Base */,
			);
			name = Main.storyboard;
			sourceTree = "<group>";
		};
		8A35980A25D7823800D1CD8C /* LaunchScreen.storyboard */ = {
			isa = PBXVariantGroup;
			children = (
				8A35980B25D7823800D1CD8C /* Base */,
			);
			name = LaunchScreen.storyboard;
			sourceTree = "<group>";
		};
/* End PBXVariantGroup section */

/* Begin XCBuildConfiguration section */
		8A35980E25D7823800D1CD8C /* Debug */ = {
			isa = XCBuildConfiguration;
			buildSettings = {
				ALWAYS_SEARCH_USER_PATHS = NO;
				CLANG_ANALYZER_NONNULL = YES;
				CLANG_ANALYZER_NUMBER_OBJECT_CONVERSION = YES_AGGRESSIVE;
				CLANG_CXX_LANGUAGE_STANDARD = "gnu++14";
				CLANG_CXX_LIBRARY = "libc++";
				CLANG_ENABLE_MODULES = YES;
				CLANG_ENABLE_OBJC_ARC = YES;
				CLANG_ENABLE_OBJC_WEAK = YES;
				CLANG_WARN_BLOCK_CAPTURE_AUTORELEASING = YES;
				CLANG_WARN_BOOL_CONVERSION = YES;
				CLANG_WARN_COMMA = YES;
				CLANG_WARN_CONSTANT_CONVERSION = YES;
				CLANG_WARN_DEPRECATED_OBJC_IMPLEMENTATIONS = YES;
				CLANG_WARN_DIRECT_OBJC_ISA_USAGE = YES_ERROR;
				CLANG_WARN_DOCUMENTATION_COMMENTS = YES;
				CLANG_WARN_EMPTY_BODY = YES;
				CLANG_WARN_ENUM_CONVERSION = YES;
				CLANG_WARN_INFINITE_RECURSION = YES;
				CLANG_WARN_INT_CONVERSION = YES;
				CLANG_WARN_NON_LITERAL_NULL_CONVERSION = YES;
				CLANG_WARN_OBJC_IMPLICIT_RETAIN_SELF = YES;
				CLANG_WARN_OBJC_LITERAL_CONVERSION = YES;
				CLANG_WARN_OBJC_ROOT_CLASS = YES_ERROR;
				CLANG_WARN_QUOTED_INCLUDE_IN_FRAMEWORK_HEADER = YES;
				CLANG_WARN_RANGE_LOOP_ANALYSIS = YES;
				CLANG_WARN_STRICT_PROTOTYPES = YES;
				CLANG_WARN_SUSPICIOUS_MOVE = YES;
				CLANG_WARN_UNGUARDED_AVAILABILITY = YES_AGGRESSIVE;
				CLANG_WARN_UNREACHABLE_CODE = YES;
				CLANG_WARN__DUPLICATE_METHOD_MATCH = YES;
				COPY_PHASE_STRIP = NO;
				DEBUG_INFORMATION_FORMAT = dwarf;
				ENABLE_STRICT_OBJC_MSGSEND = YES;
				ENABLE_TESTABILITY = YES;
				GCC_C_LANGUAGE_STANDARD = gnu11;
				GCC_DYNAMIC_NO_PIC = NO;
				GCC_NO_COMMON_BLOCKS = YES;
				GCC_OPTIMIZATION_LEVEL = 0;
				GCC_PREPROCESSOR_DEFINITIONS = (
					"DEBUG=1",
					"$(inherited)",
				);
				GCC_WARN_64_TO_32_BIT_CONVERSION = YES;
				GCC_WARN_ABOUT_RETURN_TYPE = YES_ERROR;
				GCC_WARN_UNDECLARED_SELECTOR = YES;
				GCC_WARN_UNINITIALIZED_AUTOS = YES_AGGRESSIVE;
				GCC_WARN_UNUSED_FUNCTION = YES;
				GCC_WARN_UNUSED_VARIABLE = YES;
				IPHONEOS_DEPLOYMENT_TARGET = 14.4;
				MTL_ENABLE_DEBUG_INFO = INCLUDE_SOURCE;
				MTL_FAST_MATH = YES;
				ONLY_ACTIVE_ARCH = YES;
				SDKROOT = iphoneos;
				SWIFT_ACTIVE_COMPILATION_CONDITIONS = DEBUG;
				SWIFT_OPTIMIZATION_LEVEL = "-Onone";
			};
			name = Debug;
		};
		8A35980F25D7823800D1CD8C /* Release */ = {
			isa = XCBuildConfiguration;
			buildSettings = {
				ALWAYS_SEARCH_USER_PATHS = NO;
				CLANG_ANALYZER_NONNULL = YES;
				CLANG_ANALYZER_NUMBER_OBJECT_CONVERSION = YES_AGGRESSIVE;
				CLANG_CXX_LANGUAGE_STANDARD = "gnu++14";
				CLANG_CXX_LIBRARY = "libc++";
				CLANG_ENABLE_MODULES = YES;
				CLANG_ENABLE_OBJC_ARC = YES;
				CLANG_ENABLE_OBJC_WEAK = YES;
				CLANG_WARN_BLOCK_CAPTURE_AUTORELEASING = YES;
				CLANG_WARN_BOOL_CONVERSION = YES;
				CLANG_WARN_COMMA = YES;
				CLANG_WARN_CONSTANT_CONVERSION = YES;
				CLANG_WARN_DEPRECATED_OBJC_IMPLEMENTATIONS = YES;
				CLANG_WARN_DIRECT_OBJC_ISA_USAGE = YES_ERROR;
				CLANG_WARN_DOCUMENTATION_COMMENTS = YES;
				CLANG_WARN_EMPTY_BODY = YES;
				CLANG_WARN_ENUM_CONVERSION = YES;
				CLANG_WARN_INFINITE_RECURSION = YES;
				CLANG_WARN_INT_CONVERSION = YES;
				CLANG_WARN_NON_LITERAL_NULL_CONVERSION = YES;
				CLANG_WARN_OBJC_IMPLICIT_RETAIN_SELF = YES;
				CLANG_WARN_OBJC_LITERAL_CONVERSION = YES;
				CLANG_WARN_OBJC_ROOT_CLASS = YES_ERROR;
				CLANG_WARN_QUOTED_INCLUDE_IN_FRAMEWORK_HEADER = YES;
				CLANG_WARN_RANGE_LOOP_ANALYSIS = YES;
				CLANG_WARN_STRICT_PROTOTYPES = YES;
				CLANG_WARN_SUSPICIOUS_MOVE = YES;
				CLANG_WARN_UNGUARDED_AVAILABILITY = YES_AGGRESSIVE;
				CLANG_WARN_UNREACHABLE_CODE = YES;
				CLANG_WARN__DUPLICATE_METHOD_MATCH = YES;
				COPY_PHASE_STRIP = NO;
				DEBUG_INFORMATION_FORMAT = "dwarf-with-dsym";
				ENABLE_NS_ASSERTIONS = NO;
				ENABLE_STRICT_OBJC_MSGSEND = YES;
				GCC_C_LANGUAGE_STANDARD = gnu11;
				GCC_NO_COMMON_BLOCKS = YES;
				GCC_WARN_64_TO_32_BIT_CONVERSION = YES;
				GCC_WARN_ABOUT_RETURN_TYPE = YES_ERROR;
				GCC_WARN_UNDECLARED_SELECTOR = YES;
				GCC_WARN_UNINITIALIZED_AUTOS = YES_AGGRESSIVE;
				GCC_WARN_UNUSED_FUNCTION = YES;
				GCC_WARN_UNUSED_VARIABLE = YES;
				IPHONEOS_DEPLOYMENT_TARGET = 14.4;
				MTL_ENABLE_DEBUG_INFO = NO;
				MTL_FAST_MATH = YES;
				SDKROOT = iphoneos;
				SWIFT_COMPILATION_MODE = wholemodule;
				SWIFT_OPTIMIZATION_LEVEL = "-O";
				VALIDATE_PRODUCT = YES;
			};
			name = Release;
		};
		8A35981125D7823800D1CD8C /* Debug */ = {
			isa = XCBuildConfiguration;
			buildSettings = {
				ASSETCATALOG_COMPILER_APPICON_NAME = AppIcon;
				ASSETCATALOG_COMPILER_GLOBAL_ACCENT_COLOR_NAME = AccentColor;
				CODE_SIGN_STYLE = Automatic;
				INFOPLIST_FILE = PMApp/Info.plist;
				LD_RUNPATH_SEARCH_PATHS = (
					"$(inherited)",
					"@executable_path/Frameworks",
				);
				PRODUCT_BUNDLE_IDENTIFIER = app.aoyagi.makkan.PMApp;
				PRODUCT_NAME = "$(TARGET_NAME)";
				SWIFT_VERSION = 5.0;
				TARGETED_DEVICE_FAMILY = "1,2";
			};
			name = Debug;
		};
		8A35981225D7823800D1CD8C /* Release */ = {
			isa = XCBuildConfiguration;
			buildSettings = {
				ASSETCATALOG_COMPILER_APPICON_NAME = AppIcon;
				ASSETCATALOG_COMPILER_GLOBAL_ACCENT_COLOR_NAME = AccentColor;
				CODE_SIGN_STYLE = Automatic;
				INFOPLIST_FILE = PMApp/Info.plist;
				LD_RUNPATH_SEARCH_PATHS = (
					"$(inherited)",
					"@executable_path/Frameworks",
				);
				PRODUCT_BUNDLE_IDENTIFIER = app.aoyagi.makkan.PMApp;
				PRODUCT_NAME = "$(TARGET_NAME)";
				SWIFT_VERSION = 5.0;
				TARGETED_DEVICE_FAMILY = "1,2";
			};
			name = Release;
		};
/* End XCBuildConfiguration section */

/* Begin XCConfigurationList section */
		8A3597F725D7823600D1CD8C /* Build configuration list for PBXProject "PMApp" */ = {
			isa = XCConfigurationList;
			buildConfigurations = (
				8A35980E25D7823800D1CD8C /* Debug */,
				8A35980F25D7823800D1CD8C /* Release */,
			);
			defaultConfigurationIsVisible = 0;
			defaultConfigurationName = Release;
		};
		8A35981025D7823800D1CD8C /* Build configuration list for PBXNativeTarget "PMApp" */ = {
			isa = XCConfigurationList;
			buildConfigurations = (
				8A35981125D7823800D1CD8C /* Debug */,
				8A35981225D7823800D1CD8C /* Release */,
			);
			defaultConfigurationIsVisible = 0;
			defaultConfigurationName = Release;
		};
/* End XCConfigurationList section */

/* Begin XCRemoteSwiftPackageReference section */
		8A35981725D7831800D1CD8C /* XCRemoteSwiftPackageReference "PKHUD" */ = {
			isa = XCRemoteSwiftPackageReference;
			repositoryURL = "https://github.com/pkluz/PKHUD.git";
			requirement = {
				kind = upToNextMajorVersion;
				minimumVersion = 5.4.0;
			};
		};
/* End XCRemoteSwiftPackageReference section */

/* Begin XCSwiftPackageProductDependency section */
		8A35981825D7831800D1CD8C /* PKHUD */ = {
			isa = XCSwiftPackageProductDependency;
			package = 8A35981725D7831800D1CD8C /* XCRemoteSwiftPackageReference "PKHUD" */;
			productName = PKHUD;
		};
/* End XCSwiftPackageProductDependency section */
	};
	rootObject = 8A3597F425D7823600D1CD8C /* Project object */;
}
